
Microsoft Visual Studio Solution File, Format Version 12.00
# Visual Studio Version 16
VisualStudioVersion = 16.0.30907.101
MinimumVisualStudioVersion = 10.0.40219.1
Project("{F184B08F-C81C-45F6-A57F-5ABD9991F28F}") = "Eye of Providence", "Eye of Providence.vbproj", "{0ACAF2A1-663A-4419-BC91-FA7112E28833}"
EndProject
Global
	GlobalSection(SolutionConfigurationPlatforms) = preSolution
		Debug|Any CPU = Debug|Any CPU
		Release|Any CPU = Release|Any CPU
	EndGlobalSection
	GlobalSection(ProjectConfigurationPlatforms) = postSolution
		{0ACAF2A1-663A-4419-BC91-FA7112E28833}.Debug|Any CPU.ActiveCfg = Debug|Any CPU
		{0ACAF2A1-663A-4419-BC91-FA7112E28833}.Debug|Any CPU.Build.0 = Debug|Any CPU
		{0ACAF2A1-663A-4419-BC91-FA7112E28833}.Release|Any CPU.ActiveCfg = Release|Any CPU
		{0ACAF2A1-663A-4419-BC91-FA7112E28833}.Release|Any CPU.Build.0 = Release|Any CPU
	EndGlobalSection
	GlobalSection(SolutionProperties) = preSolution
		HideSolutionNode = FALSE
	EndGlobalSection
	GlobalSection(ExtensibilityGlobals) = postSolution
		SolutionGuid = {0CC65744-B875-427E-85D6-5E10C6ED0D5A}
	EndGlobalSection
EndGlobal
